// !$*UTF8*$!
{
	archiveVersion = 1;
	classes = {
	};
	objectVersion = 56;
	objects = {

/* Begin PBXBuildFile section */
		48260CF52B95012400A043F7 /* MediaLabWeatherAppApp.swift in Sources */ = {isa = PBXBuildFile; fileRef = 48260CF42B95012400A043F7 /* MediaLabWeatherAppApp.swift */; };
		48260CF72B95012400A043F7 /* ContentView.swift in Sources */ = {isa = PBXBuildFile; fileRef = 48260CF62B95012400A043F7 /* ContentView.swift */; };
		48260CF92B95012500A043F7 /* Assets.xcassets in Resources */ = {isa = PBXBuildFile; fileRef = 48260CF82B95012500A043F7 /* Assets.xcassets */; };
		48260CFD2B95012500A043F7 /* Preview Assets.xcassets in Resources */ = {isa = PBXBuildFile; fileRef = 48260CFC2B95012500A043F7 /* Preview Assets.xcassets */; };
		48260D072B95012600A043F7 /* MediaLabWeatherAppTests.swift in Sources */ = {isa = PBXBuildFile; fileRef = 48260D062B95012600A043F7 /* MediaLabWeatherAppTests.swift */; };
		48260D112B95012600A043F7 /* MediaLabWeatherAppUITests.swift in Sources */ = {isa = PBXBuildFile; fileRef = 48260D102B95012600A043F7 /* MediaLabWeatherAppUITests.swift */; };
		48260D132B95012600A043F7 /* MediaLabWeatherAppUITestsLaunchTests.swift in Sources */ = {isa = PBXBuildFile; fileRef = 48260D122B95012600A043F7 /* MediaLabWeatherAppUITestsLaunchTests.swift */; };
		48260D212B95018200A043F7 /* WeatherModel.swift in Sources */ = {isa = PBXBuildFile; fileRef = 48260D202B95018200A043F7 /* WeatherModel.swift */; };
		48260D242B9501BD00A043F7 /* WeatherService.swift in Sources */ = {isa = PBXBuildFile; fileRef = 48260D232B9501BD00A043F7 /* WeatherService.swift */; };
		48260D272B95020C00A043F7 /* WeatherViewController.swift in Sources */ = {isa = PBXBuildFile; fileRef = 48260D262B95020C00A043F7 /* WeatherViewController.swift */; };
		48260D292B95062900A043F7 /* WeatherViewModel.swift in Sources */ = {isa = PBXBuildFile; fileRef = 48260D282B95062900A043F7 /* WeatherViewModel.swift */; };
/* End PBXBuildFile section */

/* Begin PBXContainerItemProxy section */
		48260D032B95012600A043F7 /* PBXContainerItemProxy */ = {
			isa = PBXContainerItemProxy;
			containerPortal = 48260CE92B95012300A043F7 /* Project object */;
			proxyType = 1;
			remoteGlobalIDString = 48260CF02B95012400A043F7;
			remoteInfo = MediaLabWeatherApp;
		};
		48260D0D2B95012600A043F7 /* PBXContainerItemProxy */ = {
			isa = PBXContainerItemProxy;
			containerPortal = 48260CE92B95012300A043F7 /* Project object */;
			proxyType = 1;
			remoteGlobalIDString = 48260CF02B95012400A043F7;
			remoteInfo = MediaLabWeatherApp;
		};
/* End PBXContainerItemProxy section */

/* Begin PBXFileReference section */
		48260CF12B95012400A043F7 /* MediaLabWeatherApp.app */ = {isa = PBXFileReference; explicitFileType = wrapper.application; includeInIndex = 0; path = MediaLabWeatherApp.app; sourceTree = BUILT_PRODUCTS_DIR; };
		48260CF42B95012400A043F7 /* MediaLabWeatherAppApp.swift */ = {isa = PBXFileReference; lastKnownFileType = sourcecode.swift; path = MediaLabWeatherAppApp.swift; sourceTree = "<group>"; };
		48260CF62B95012400A043F7 /* ContentView.swift */ = {isa = PBXFileReference; lastKnownFileType = sourcecode.swift; path = ContentView.swift; sourceTree = "<group>"; };
		48260CF82B95012500A043F7 /* Assets.xcassets */ = {isa = PBXFileReference; lastKnownFileType = folder.assetcatalog; path = Assets.xcassets; sourceTree = "<group>"; };
		48260CFA2B95012500A043F7 /* MediaLabWeatherApp.entitlements */ = {isa = PBXFileReference; lastKnownFileType = text.plist.entitlements; path = MediaLabWeatherApp.entitlements; sourceTree = "<group>"; };
		48260CFC2B95012500A043F7 /* Preview Assets.xcassets */ = {isa = PBXFileReference; lastKnownFileType = folder.assetcatalog; path = "Preview Assets.xcassets"; sourceTree = "<group>"; };
		48260D022B95012600A043F7 /* MediaLabWeatherAppTests.xctest */ = {isa = PBXFileReference; explicitFileType = wrapper.cfbundle; includeInIndex = 0; path = MediaLabWeatherAppTests.xctest; sourceTree = BUILT_PRODUCTS_DIR; };
		48260D062B95012600A043F7 /* MediaLabWeatherAppTests.swift */ = {isa = PBXFileReference; lastKnownFileType = sourcecode.swift; path = MediaLabWeatherAppTests.swift; sourceTree = "<group>"; };
		48260D0C2B95012600A043F7 /* MediaLabWeatherAppUITests.xctest */ = {isa = PBXFileReference; explicitFileType = wrapper.cfbundle; includeInIndex = 0; path = MediaLabWeatherAppUITests.xctest; sourceTree = BUILT_PRODUCTS_DIR; };
		48260D102B95012600A043F7 /* MediaLabWeatherAppUITests.swift */ = {isa = PBXFileReference; lastKnownFileType = sourcecode.swift; path = MediaLabWeatherAppUITests.swift; sourceTree = "<group>"; };
		48260D122B95012600A043F7 /* MediaLabWeatherAppUITestsLaunchTests.swift */ = {isa = PBXFileReference; lastKnownFileType = sourcecode.swift; path = MediaLabWeatherAppUITestsLaunchTests.swift; sourceTree = "<group>"; };
		48260D202B95018200A043F7 /* WeatherModel.swift */ = {isa = PBXFileReference; lastKnownFileType = sourcecode.swift; path = WeatherModel.swift; sourceTree = "<group>"; };
		48260D232B9501BD00A043F7 /* WeatherService.swift */ = {isa = PBXFileReference; lastKnownFileType = sourcecode.swift; path = WeatherService.swift; sourceTree = "<group>"; };
		48260D262B95020C00A043F7 /* WeatherViewController.swift */ = {isa = PBXFileReference; lastKnownFileType = sourcecode.swift; path = WeatherViewController.swift; sourceTree = "<group>"; };
		48260D282B95062900A043F7 /* WeatherViewModel.swift */ = {isa = PBXFileReference; lastKnownFileType = sourcecode.swift; path = WeatherViewModel.swift; sourceTree = "<group>"; };
/* End PBXFileReference section */

/* Begin PBXFrameworksBuildPhase section */
		48260CEE2B95012400A043F7 /* Frameworks */ = {
			isa = PBXFrameworksBuildPhase;
			buildActionMask = 2147483647;
			files = (
			);
			runOnlyForDeploymentPostprocessing = 0;
		};
		48260CFF2B95012600A043F7 /* Frameworks */ = {
			isa = PBXFrameworksBuildPhase;
			buildActionMask = 2147483647;
			files = (
			);
			runOnlyForDeploymentPostprocessing = 0;
		};
		48260D092B95012600A043F7 /* Frameworks */ = {
			isa = PBXFrameworksBuildPhase;
			buildActionMask = 2147483647;
			files = (
			);
			runOnlyForDeploymentPostprocessing = 0;
		};
/* End PBXFrameworksBuildPhase section */

/* Begin PBXGroup section */
		48260CE82B95012300A043F7 = {
			isa = PBXGroup;
			children = (
				48260CF32B95012400A043F7 /* MediaLabWeatherApp */,
				48260D052B95012600A043F7 /* MediaLabWeatherAppTests */,
				48260D0F2B95012600A043F7 /* MediaLabWeatherAppUITests */,
				48260CF22B95012400A043F7 /* Products */,
			);
			sourceTree = "<group>";
		};
		48260CF22B95012400A043F7 /* Products */ = {
			isa = PBXGroup;
			children = (
				48260CF12B95012400A043F7 /* MediaLabWeatherApp.app */,
				48260D022B95012600A043F7 /* MediaLabWeatherAppTests.xctest */,
				48260D0C2B95012600A043F7 /* MediaLabWeatherAppUITests.xctest */,
			);
			name = Products;
			sourceTree = "<group>";
		};
		48260CF32B95012400A043F7 /* MediaLabWeatherApp */ = {
			isa = PBXGroup;
			children = (
				48260D252B9501D400A043F7 /* ViewController */,
				48260D222B9501A600A043F7 /* ViewModel */,
				48260D1F2B95013D00A043F7 /* Model */,
				48260CF82B95012500A043F7 /* Assets.xcassets */,
				48260CFA2B95012500A043F7 /* MediaLabWeatherApp.entitlements */,
				48260CFB2B95012500A043F7 /* Preview Content */,
			);
			path = MediaLabWeatherApp;
			sourceTree = "<group>";
		};
		48260CFB2B95012500A043F7 /* Preview Content */ = {
			isa = PBXGroup;
			children = (
				48260CFC2B95012500A043F7 /* Preview Assets.xcassets */,
			);
			path = "Preview Content";
			sourceTree = "<group>";
		};
		48260D052B95012600A043F7 /* MediaLabWeatherAppTests */ = {
			isa = PBXGroup;
			children = (
				48260D062B95012600A043F7 /* MediaLabWeatherAppTests.swift */,
			);
			path = MediaLabWeatherAppTests;
			sourceTree = "<group>";
		};
		48260D0F2B95012600A043F7 /* MediaLabWeatherAppUITests */ = {
			isa = PBXGroup;
			children = (
				48260D102B95012600A043F7 /* MediaLabWeatherAppUITests.swift */,
				48260D122B95012600A043F7 /* MediaLabWeatherAppUITestsLaunchTests.swift */,
			);
			path = MediaLabWeatherAppUITests;
			sourceTree = "<group>";
		};
		48260D1F2B95013D00A043F7 /* Model */ = {
			isa = PBXGroup;
			children = (
				48260D202B95018200A043F7 /* WeatherModel.swift */,
			);
			path = Model;
			sourceTree = "<group>";
		};
		48260D222B9501A600A043F7 /* ViewModel */ = {
			isa = PBXGroup;
			children = (
				48260D232B9501BD00A043F7 /* WeatherService.swift */,
				48260D282B95062900A043F7 /* WeatherViewModel.swift */,
			);
			path = ViewModel;
			sourceTree = "<group>";
		};
		48260D252B9501D400A043F7 /* ViewController */ = {
			isa = PBXGroup;
			children = (
				48260CF62B95012400A043F7 /* ContentView.swift */,
				48260CF42B95012400A043F7 /* MediaLabWeatherAppApp.swift */,
				48260D262B95020C00A043F7 /* WeatherViewController.swift */,
			);
			path = ViewController;
			sourceTree = "<group>";
		};
/* End PBXGroup section */

/* Begin PBXNativeTarget section */
		48260CF02B95012400A043F7 /* MediaLabWeatherApp */ = {
			isa = PBXNativeTarget;
			buildConfigurationList = 48260D162B95012600A043F7 /* Build configuration list for PBXNativeTarget "MediaLabWeatherApp" */;
			buildPhases = (
				48260CED2B95012400A043F7 /* Sources */,
				48260CEE2B95012400A043F7 /* Frameworks */,
				48260CEF2B95012400A043F7 /* Resources */,
			);
			buildRules = (
			);
			dependencies = (
			);
			name = MediaLabWeatherApp;
			productName = MediaLabWeatherApp;
			productReference = 48260CF12B95012400A043F7 /* MediaLabWeatherApp.app */;
			productType = "com.apple.product-type.application";
		};
		48260D012B95012600A043F7 /* MediaLabWeatherAppTests */ = {
			isa = PBXNativeTarget;
			buildConfigurationList = 48260D192B95012600A043F7 /* Build configuration list for PBXNativeTarget "MediaLabWeatherAppTests" */;
			buildPhases = (
				48260CFE2B95012600A043F7 /* Sources */,
				48260CFF2B95012600A043F7 /* Frameworks */,
				48260D002B95012600A043F7 /* Resources */,
			);
			buildRules = (
			);
			dependencies = (
				48260D042B95012600A043F7 /* PBXTargetDependency */,
			);
			name = MediaLabWeatherAppTests;
			productName = MediaLabWeatherAppTests;
			productReference = 48260D022B95012600A043F7 /* MediaLabWeatherAppTests.xctest */;
			productType = "com.apple.product-type.bundle.unit-test";
		};
		48260D0B2B95012600A043F7 /* MediaLabWeatherAppUITests */ = {
			isa = PBXNativeTarget;
			buildConfigurationList = 48260D1C2B95012600A043F7 /* Build configuration list for PBXNativeTarget "MediaLabWeatherAppUITests" */;
			buildPhases = (
				48260D082B95012600A043F7 /* Sources */,
				48260D092B95012600A043F7 /* Frameworks */,
				48260D0A2B95012600A043F7 /* Resources */,
			);
			buildRules = (
			);
			dependencies = (
				48260D0E2B95012600A043F7 /* PBXTargetDependency */,
			);
			name = MediaLabWeatherAppUITests;
			productName = MediaLabWeatherAppUITests;
			productReference = 48260D0C2B95012600A043F7 /* MediaLabWeatherAppUITests.xctest */;
			productType = "com.apple.product-type.bundle.ui-testing";
		};
/* End PBXNativeTarget section */

/* Begin PBXProject section */
		48260CE92B95012300A043F7 /* Project object */ = {
			isa = PBXProject;
			attributes = {
				BuildIndependentTargetsInParallel = 1;
				LastSwiftUpdateCheck = 1520;
				LastUpgradeCheck = 1520;
				TargetAttributes = {
					48260CF02B95012400A043F7 = {
						CreatedOnToolsVersion = 15.2;
					};
					48260D012B95012600A043F7 = {
						CreatedOnToolsVersion = 15.2;
						TestTargetID = 48260CF02B95012400A043F7;
					};
					48260D0B2B95012600A043F7 = {
						CreatedOnToolsVersion = 15.2;
						TestTargetID = 48260CF02B95012400A043F7;
					};
				};
			};
			buildConfigurationList = 48260CEC2B95012300A043F7 /* Build configuration list for PBXProject "MediaLabWeatherApp" */;
			compatibilityVersion = "Xcode 14.0";
			developmentRegion = en;
			hasScannedForEncodings = 0;
			knownRegions = (
				en,
				Base,
			);
			mainGroup = 48260CE82B95012300A043F7;
			productRefGroup = 48260CF22B95012400A043F7 /* Products */;
			projectDirPath = "";
			projectRoot = "";
			targets = (
				48260CF02B95012400A043F7 /* MediaLabWeatherApp */,
				48260D012B95012600A043F7 /* MediaLabWeatherAppTests */,
				48260D0B2B95012600A043F7 /* MediaLabWeatherAppUITests */,
			);
		};
/* End PBXProject section */

/* Begin PBXResourcesBuildPhase section */
		48260CEF2B95012400A043F7 /* Resources */ = {
			isa = PBXResourcesBuildPhase;
			buildActionMask = 2147483647;
			files = (
				48260CFD2B95012500A043F7 /* Preview Assets.xcassets in Resources */,
				48260CF92B95012500A043F7 /* Assets.xcassets in Resources */,
			);
			runOnlyForDeploymentPostprocessing = 0;
		};
		48260D002B95012600A043F7 /* Resources */ = {
			isa = PBXResourcesBuildPhase;
			buildActionMask = 2147483647;
			files = (
			);
			runOnlyForDeploymentPostprocessing = 0;
		};
		48260D0A2B95012600A043F7 /* Resources */ = {
			isa = PBXResourcesBuildPhase;
			buildActionMask = 2147483647;
			files = (
			);
			runOnlyForDeploymentPostprocessing = 0;
		};
/* End PBXResourcesBuildPhase section */

/* Begin PBXSourcesBuildPhase section */
		48260CED2B95012400A043F7 /* Sources */ = {
			isa = PBXSourcesBuildPhase;
			buildActionMask = 2147483647;
			files = (
				48260D242B9501BD00A043F7 /* WeatherService.swift in Sources */,
				48260D292B95062900A043F7 /* WeatherViewModel.swift in Sources */,
				48260D272B95020C00A043F7 /* WeatherViewController.swift in Sources */,
				48260CF72B95012400A043F7 /* ContentView.swift in Sources */,
				48260D212B95018200A043F7 /* WeatherModel.swift in Sources */,
				48260CF52B95012400A043F7 /* MediaLabWeatherAppApp.swift in Sources */,
			);
			runOnlyForDeploymentPostprocessing = 0;
		};
		48260CFE2B95012600A043F7 /* Sources */ = {
			isa = PBXSourcesBuildPhase;
			buildActionMask = 2147483647;
			files = (
				48260D072B95012600A043F7 /* MediaLabWeatherAppTests.swift in Sources */,
			);
			runOnlyForDeploymentPostprocessing = 0;
		};
		48260D082B95012600A043F7 /* Sources */ = {
			isa = PBXSourcesBuildPhase;
			buildActionMask = 2147483647;
			files = (
				48260D132B95012600A043F7 /* MediaLabWeatherAppUITestsLaunchTests.swift in Sources */,
				48260D112B95012600A043F7 /* MediaLabWeatherAppUITests.swift in Sources */,
			);
			runOnlyForDeploymentPostprocessing = 0;
		};
/* End PBXSourcesBuildPhase section */

/* Begin PBXTargetDependency section */
		48260D042B95012600A043F7 /* PBXTargetDependency */ = {
			isa = PBXTargetDependency;
			target = 48260CF02B95012400A043F7 /* MediaLabWeatherApp */;
			targetProxy = 48260D032B95012600A043F7 /* PBXContainerItemProxy */;
		};
		48260D0E2B95012600A043F7 /* PBXTargetDependency */ = {
			isa = PBXTargetDependency;
			target = 48260CF02B95012400A043F7 /* MediaLabWeatherApp */;
			targetProxy = 48260D0D2B95012600A043F7 /* PBXContainerItemProxy */;
		};
/* End PBXTargetDependency section */

/* Begin XCBuildConfiguration section */
		48260D142B95012600A043F7 /* Debug */ = {
			isa = XCBuildConfiguration;
			buildSettings = {
				ALWAYS_SEARCH_USER_PATHS = NO;
				ASSETCATALOG_COMPILER_GENERATE_SWIFT_ASSET_SYMBOL_EXTENSIONS = YES;
				CLANG_ANALYZER_NONNULL = YES;
				CLANG_ANALYZER_NUMBER_OBJECT_CONVERSION = YES_AGGRESSIVE;
				CLANG_CXX_LANGUAGE_STANDARD = "gnu++20";
				CLANG_ENABLE_MODULES = YES;
				CLANG_ENABLE_OBJC_ARC = YES;
				CLANG_ENABLE_OBJC_WEAK = YES;
				CLANG_WARN_BLOCK_CAPTURE_AUTORELEASING = YES;
				CLANG_WARN_BOOL_CONVERSION = YES;
				CLANG_WARN_COMMA = YES;
				CLANG_WARN_CONSTANT_CONVERSION = YES;
				CLANG_WARN_DEPRECATED_OBJC_IMPLEMENTATIONS = YES;
				CLANG_WARN_DIRECT_OBJC_ISA_USAGE = YES_ERROR;
				CLANG_WARN_DOCUMENTATION_COMMENTS = YES;
				CLANG_WARN_EMPTY_BODY = YES;
				CLANG_WARN_ENUM_CONVERSION = YES;
				CLANG_WARN_INFINITE_RECURSION = YES;
				CLANG_WARN_INT_CONVERSION = YES;
				CLANG_WARN_NON_LITERAL_NULL_CONVERSION = YES;
				CLANG_WARN_OBJC_IMPLICIT_RETAIN_SELF = YES;
				CLANG_WARN_OBJC_LITERAL_CONVERSION = YES;
				CLANG_WARN_OBJC_ROOT_CLASS = YES_ERROR;
				CLANG_WARN_QUOTED_INCLUDE_IN_FRAMEWORK_HEADER = YES;
				CLANG_WARN_RANGE_LOOP_ANALYSIS = YES;
				CLANG_WARN_STRICT_PROTOTYPES = YES;
				CLANG_WARN_SUSPICIOUS_MOVE = YES;
				CLANG_WARN_UNGUARDED_AVAILABILITY = YES_AGGRESSIVE;
				CLANG_WARN_UNREACHABLE_CODE = YES;
				CLANG_WARN__DUPLICATE_METHOD_MATCH = YES;
				COPY_PHASE_STRIP = NO;
				DEBUG_INFORMATION_FORMAT = dwarf;
				ENABLE_STRICT_OBJC_MSGSEND = YES;
				ENABLE_TESTABILITY = YES;
				ENABLE_USER_SCRIPT_SANDBOXING = YES;
				GCC_C_LANGUAGE_STANDARD = gnu17;
				GCC_DYNAMIC_NO_PIC = NO;
				GCC_NO_COMMON_BLOCKS = YES;
				GCC_OPTIMIZATION_LEVEL = 0;
				GCC_PREPROCESSOR_DEFINITIONS = (
					"DEBUG=1",
					"$(inherited)",
				);
				GCC_WARN_64_TO_32_BIT_CONVERSION = YES;
				GCC_WARN_ABOUT_RETURN_TYPE = YES_ERROR;
				GCC_WARN_UNDECLARED_SELECTOR = YES;
				GCC_WARN_UNINITIALIZED_AUTOS = YES_AGGRESSIVE;
				GCC_WARN_UNUSED_FUNCTION = YES;
				GCC_WARN_UNUSED_VARIABLE = YES;
				LOCALIZATION_PREFERS_STRING_CATALOGS = YES;
				MTL_ENABLE_DEBUG_INFO = INCLUDE_SOURCE;
				MTL_FAST_MATH = YES;
				ONLY_ACTIVE_ARCH = YES;
				SWIFT_ACTIVE_COMPILATION_CONDITIONS = "DEBUG $(inherited)";
				SWIFT_OPTIMIZATION_LEVEL = "-Onone";
			};
			name = Debug;
		};
		48260D152B95012600A043F7 /* Release */ = {
			isa = XCBuildConfiguration;
			buildSettings = {
				ALWAYS_SEARCH_USER_PATHS = NO;
				ASSETCATALOG_COMPILER_GENERATE_SWIFT_ASSET_SYMBOL_EXTENSIONS = YES;
				CLANG_ANALYZER_NONNULL = YES;
				CLANG_ANALYZER_NUMBER_OBJECT_CONVERSION = YES_AGGRESSIVE;
				CLANG_CXX_LANGUAGE_STANDARD = "gnu++20";
				CLANG_ENABLE_MODULES = YES;
				CLANG_ENABLE_OBJC_ARC = YES;
				CLANG_ENABLE_OBJC_WEAK = YES;
				CLANG_WARN_BLOCK_CAPTURE_AUTORELEASING = YES;
				CLANG_WARN_BOOL_CONVERSION = YES;
				CLANG_WARN_COMMA = YES;
				CLANG_WARN_CONSTANT_CONVERSION = YES;
				CLANG_WARN_DEPRECATED_OBJC_IMPLEMENTATIONS = YES;
				CLANG_WARN_DIRECT_OBJC_ISA_USAGE = YES_ERROR;
				CLANG_WARN_DOCUMENTATION_COMMENTS = YES;
				CLANG_WARN_EMPTY_BODY = YES;
				CLANG_WARN_ENUM_CONVERSION = YES;
				CLANG_WARN_INFINITE_RECURSION = YES;
				CLANG_WARN_INT_CONVERSION = YES;
				CLANG_WARN_NON_LITERAL_NULL_CONVERSION = YES;
				CLANG_WARN_OBJC_IMPLICIT_RETAIN_SELF = YES;
				CLANG_WARN_OBJC_LITERAL_CONVERSION = YES;
				CLANG_WARN_OBJC_ROOT_CLASS = YES_ERROR;
				CLANG_WARN_QUOTED_INCLUDE_IN_FRAMEWORK_HEADER = YES;
				CLANG_WARN_RANGE_LOOP_ANALYSIS = YES;
				CLANG_WARN_STRICT_PROTOTYPES = YES;
				CLANG_WARN_SUSPICIOUS_MOVE = YES;
				CLANG_WARN_UNGUARDED_AVAILABILITY = YES_AGGRESSIVE;
				CLANG_WARN_UNREACHABLE_CODE = YES;
				CLANG_WARN__DUPLICATE_METHOD_MATCH = YES;
				COPY_PHASE_STRIP = NO;
				DEBUG_INFORMATION_FORMAT = "dwarf-with-dsym";
				ENABLE_NS_ASSERTIONS = NO;
				ENABLE_STRICT_OBJC_MSGSEND = YES;
				ENABLE_USER_SCRIPT_SANDBOXING = YES;
				GCC_C_LANGUAGE_STANDARD = gnu17;
				GCC_NO_COMMON_BLOCKS = YES;
				GCC_WARN_64_TO_32_BIT_CONVERSION = YES;
				GCC_WARN_ABOUT_RETURN_TYPE = YES_ERROR;
				GCC_WARN_UNDECLARED_SELECTOR = YES;
				GCC_WARN_UNINITIALIZED_AUTOS = YES_AGGRESSIVE;
				GCC_WARN_UNUSED_FUNCTION = YES;
				GCC_WARN_UNUSED_VARIABLE = YES;
				LOCALIZATION_PREFERS_STRING_CATALOGS = YES;
				MTL_ENABLE_DEBUG_INFO = NO;
				MTL_FAST_MATH = YES;
				SWIFT_COMPILATION_MODE = wholemodule;
			};
			name = Release;
		};
		48260D172B95012600A043F7 /* Debug */ = {
			isa = XCBuildConfiguration;
			buildSettings = {
				ASSETCATALOG_COMPILER_APPICON_NAME = AppIcon;
				ASSETCATALOG_COMPILER_GLOBAL_ACCENT_COLOR_NAME = AccentColor;
				CODE_SIGN_ENTITLEMENTS = MediaLabWeatherApp/MediaLabWeatherApp.entitlements;
				CODE_SIGN_STYLE = Automatic;
				CURRENT_PROJECT_VERSION = 1;
				DEVELOPMENT_ASSET_PATHS = "\"MediaLabWeatherApp/Preview Content\"";
				DEVELOPMENT_TEAM = J9Q8455K3C;
				ENABLE_HARDENED_RUNTIME = YES;
				ENABLE_PREVIEWS = YES;
				GENERATE_INFOPLIST_FILE = YES;
				"INFOPLIST_KEY_UIApplicationSceneManifest_Generation[sdk=iphoneos*]" = YES;
				"INFOPLIST_KEY_UIApplicationSceneManifest_Generation[sdk=iphonesimulator*]" = YES;
				"INFOPLIST_KEY_UIApplicationSupportsIndirectInputEvents[sdk=iphoneos*]" = YES;
				"INFOPLIST_KEY_UIApplicationSupportsIndirectInputEvents[sdk=iphonesimulator*]" = YES;
				"INFOPLIST_KEY_UILaunchScreen_Generation[sdk=iphoneos*]" = YES;
				"INFOPLIST_KEY_UILaunchScreen_Generation[sdk=iphonesimulator*]" = YES;
				"INFOPLIST_KEY_UIStatusBarStyle[sdk=iphoneos*]" = UIStatusBarStyleDefault;
				"INFOPLIST_KEY_UIStatusBarStyle[sdk=iphonesimulator*]" = UIStatusBarStyleDefault;
				INFOPLIST_KEY_UISupportedInterfaceOrientations_iPad = "UIInterfaceOrientationPortrait UIInterfaceOrientationPortraitUpsideDown UIInterfaceOrientationLandscapeLeft UIInterfaceOrientationLandscapeRight";
				INFOPLIST_KEY_UISupportedInterfaceOrientations_iPhone = "UIInterfaceOrientationPortrait UIInterfaceOrientationLandscapeLeft UIInterfaceOrientationLandscapeRight";
				IPHONEOS_DEPLOYMENT_TARGET = 17.2;
				LD_RUNPATH_SEARCH_PATHS = "@executable_path/Frameworks";
				"LD_RUNPATH_SEARCH_PATHS[sdk=macosx*]" = "@executable_path/../Frameworks";
				MACOSX_DEPLOYMENT_TARGET = 14.2;
				MARKETING_VERSION = 1.0;
				PRODUCT_BUNDLE_IDENTIFIER = ian.castillo.MediaLabWeatherApp;
				PRODUCT_NAME = "$(TARGET_NAME)";
				SDKROOT = auto;
				SUPPORTED_PLATFORMS = "iphoneos iphonesimulator macosx";
				SWIFT_EMIT_LOC_STRINGS = YES;
				SWIFT_VERSION = 5.0;
				TARGETED_DEVICE_FAMILY = "1,2";
			};
			name = Debug;
		};
		48260D182B95012600A043F7 /* Release */ = {
			isa = XCBuildConfiguration;
			buildSettings = {
				ASSETCATALOG_COMPILER_APPICON_NAME = AppIcon;
				ASSETCATALOG_COMPILER_GLOBAL_ACCENT_COLOR_NAME = AccentColor;
				CODE_SIGN_ENTITLEMENTS = MediaLabWeatherApp/MediaLabWeatherApp.entitlements;
				CODE_SIGN_STYLE = Automatic;
				CURRENT_PROJECT_VERSION = 1;
				DEVELOPMENT_ASSET_PATHS = "\"MediaLabWeatherApp/Preview Content\"";
				DEVELOPMENT_TEAM = J9Q8455K3C;
				ENABLE_HARDENED_RUNTIME = YES;
				ENABLE_PREVIEWS = YES;
				GENERATE_INFOPLIST_FILE = YES;
				"INFOPLIST_KEY_UIApplicationSceneManifest_Generation[sdk=iphoneos*]" = YES;
				"INFOPLIST_KEY_UIApplicationSceneManifest_Generation[sdk=iphonesimulator*]" = YES;
				"INFOPLIST_KEY_UIApplicationSupportsIndirectInputEvents[sdk=iphoneos*]" = YES;
				"INFOPLIST_KEY_UIApplicationSupportsIndirectInputEvents[sdk=iphonesimulator*]" = YES;
				"INFOPLIST_KEY_UILaunchScreen_Generation[sdk=iphoneos*]" = YES;
				"INFOPLIST_KEY_UILaunchScreen_Generation[sdk=iphonesimulator*]" = YES;
				"INFOPLIST_KEY_UIStatusBarStyle[sdk=iphoneos*]" = UIStatusBarStyleDefault;
				"INFOPLIST_KEY_UIStatusBarStyle[sdk=iphonesimulator*]" = UIStatusBarStyleDefault;
				INFOPLIST_KEY_UISupportedInterfaceOrientations_iPad = "UIInterfaceOrientationPortrait UIInterfaceOrientationPortraitUpsideDown UIInterfaceOrientationLandscapeLeft UIInterfaceOrientationLandscapeRight";
				INFOPLIST_KEY_UISupportedInterfaceOrientations_iPhone = "UIInterfaceOrientationPortrait UIInterfaceOrientationLandscapeLeft UIInterfaceOrientationLandscapeRight";
				IPHONEOS_DEPLOYMENT_TARGET = 17.2;
				LD_RUNPATH_SEARCH_PATHS = "@executable_path/Frameworks";
				"LD_RUNPATH_SEARCH_PATHS[sdk=macosx*]" = "@executable_path/../Frameworks";
				MACOSX_DEPLOYMENT_TARGET = 14.2;
				MARKETING_VERSION = 1.0;
				PRODUCT_BUNDLE_IDENTIFIER = ian.castillo.MediaLabWeatherApp;
				PRODUCT_NAME = "$(TARGET_NAME)";
				SDKROOT = auto;
				SUPPORTED_PLATFORMS = "iphoneos iphonesimulator macosx";
				SWIFT_EMIT_LOC_STRINGS = YES;
				SWIFT_VERSION = 5.0;
				TARGETED_DEVICE_FAMILY = "1,2";
			};
			name = Release;
		};
		48260D1A2B95012600A043F7 /* Debug */ = {
			isa = XCBuildConfiguration;
			buildSettings = {
				ALWAYS_EMBED_SWIFT_STANDARD_LIBRARIES = YES;
				BUNDLE_LOADER = "$(TEST_HOST)";
				CODE_SIGN_STYLE = Automatic;
				CURRENT_PROJECT_VERSION = 1;
				DEVELOPMENT_TEAM = J9Q8455K3C;
				GENERATE_INFOPLIST_FILE = YES;
				IPHONEOS_DEPLOYMENT_TARGET = 17.2;
				MACOSX_DEPLOYMENT_TARGET = 14.2;
				MARKETING_VERSION = 1.0;
				PRODUCT_BUNDLE_IDENTIFIER = ian.castillo.MediaLabWeatherAppTests;
				PRODUCT_NAME = "$(TARGET_NAME)";
				SDKROOT = auto;
				SUPPORTED_PLATFORMS = "iphoneos iphonesimulator macosx";
				SWIFT_EMIT_LOC_STRINGS = NO;
				SWIFT_VERSION = 5.0;
				TARGETED_DEVICE_FAMILY = "1,2";
				TEST_HOST = "$(BUILT_PRODUCTS_DIR)/MediaLabWeatherApp.app/$(BUNDLE_EXECUTABLE_FOLDER_PATH)/MediaLabWeatherApp";
			};
			name = Debug;
		};
		48260D1B2B95012600A043F7 /* Release */ = {
			isa = XCBuildConfiguration;
			buildSettings = {
				ALWAYS_EMBED_SWIFT_STANDARD_LIBRARIES = YES;
				BUNDLE_LOADER = "$(TEST_HOST)";
				CODE_SIGN_STYLE = Automatic;
				CURRENT_PROJECT_VERSION = 1;
				DEVELOPMENT_TEAM = J9Q8455K3C;
				GENERATE_INFOPLIST_FILE = YES;
				IPHONEOS_DEPLOYMENT_TARGET = 17.2;
				MACOSX_DEPLOYMENT_TARGET = 14.2;
				MARKETING_VERSION = 1.0;
				PRODUCT_BUNDLE_IDENTIFIER = ian.castillo.MediaLabWeatherAppTests;
				PRODUCT_NAME = "$(TARGET_NAME)";
				SDKROOT = auto;
				SUPPORTED_PLATFORMS = "iphoneos iphonesimulator macosx";
				SWIFT_EMIT_LOC_STRINGS = NO;
				SWIFT_VERSION = 5.0;
				TARGETED_DEVICE_FAMILY = "1,2";
				TEST_HOST = "$(BUILT_PRODUCTS_DIR)/MediaLabWeatherApp.app/$(BUNDLE_EXECUTABLE_FOLDER_PATH)/MediaLabWeatherApp";
			};
			name = Release;
		};
		48260D1D2B95012600A043F7 /* Debug */ = {
			isa = XCBuildConfiguration;
			buildSettings = {
				ALWAYS_EMBED_SWIFT_STANDARD_LIBRARIES = YES;
				CODE_SIGN_STYLE = Automatic;
				CURRENT_PROJECT_VERSION = 1;
				DEVELOPMENT_TEAM = J9Q8455K3C;
				GENERATE_INFOPLIST_FILE = YES;
				IPHONEOS_DEPLOYMENT_TARGET = 17.2;
				MACOSX_DEPLOYMENT_TARGET = 14.2;
				MARKETING_VERSION = 1.0;
				PRODUCT_BUNDLE_IDENTIFIER = ian.castillo.MediaLabWeatherAppUITests;
				PRODUCT_NAME = "$(TARGET_NAME)";
				SDKROOT = auto;
				SUPPORTED_PLATFORMS = "iphoneos iphonesimulator macosx";
				SWIFT_EMIT_LOC_STRINGS = NO;
				SWIFT_VERSION = 5.0;
				TARGETED_DEVICE_FAMILY = "1,2";
				TEST_TARGET_NAME = MediaLabWeatherApp;
			};
			name = Debug;
		};
		48260D1E2B95012600A043F7 /* Release */ = {
			isa = XCBuildConfiguration;
			buildSettings = {
				ALWAYS_EMBED_SWIFT_STANDARD_LIBRARIES = YES;
				CODE_SIGN_STYLE = Automatic;
				CURRENT_PROJECT_VERSION = 1;
				DEVELOPMENT_TEAM = J9Q8455K3C;
				GENERATE_INFOPLIST_FILE = YES;
				IPHONEOS_DEPLOYMENT_TARGET = 17.2;
				MACOSX_DEPLOYMENT_TARGET = 14.2;
				MARKETING_VERSION = 1.0;
				PRODUCT_BUNDLE_IDENTIFIER = ian.castillo.MediaLabWeatherAppUITests;
				PRODUCT_NAME = "$(TARGET_NAME)";
				SDKROOT = auto;
				SUPPORTED_PLATFORMS = "iphoneos iphonesimulator macosx";
				SWIFT_EMIT_LOC_STRINGS = NO;
				SWIFT_VERSION = 5.0;
				TARGETED_DEVICE_FAMILY = "1,2";
				TEST_TARGET_NAME = MediaLabWeatherApp;
			};
			name = Release;
		};
/* End XCBuildConfiguration section */

/* Begin XCConfigurationList section */
		48260CEC2B95012300A043F7 /* Build configuration list for PBXProject "MediaLabWeatherApp" */ = {
			isa = XCConfigurationList;
			buildConfigurations = (
				48260D142B95012600A043F7 /* Debug */,
				48260D152B95012600A043F7 /* Release */,
			);
			defaultConfigurationIsVisible = 0;
			defaultConfigurationName = Release;
		};
		48260D162B95012600A043F7 /* Build configuration list for PBXNativeTarget "MediaLabWeatherApp" */ = {
			isa = XCConfigurationList;
			buildConfigurations = (
				48260D172B95012600A043F7 /* Debug */,
				48260D182B95012600A043F7 /* Release */,
			);
			defaultConfigurationIsVisible = 0;
			defaultConfigurationName = Release;
		};
		48260D192B95012600A043F7 /* Build configuration list for PBXNativeTarget "MediaLabWeatherAppTests" */ = {
			isa = XCConfigurationList;
			buildConfigurations = (
				48260D1A2B95012600A043F7 /* Debug */,
				48260D1B2B95012600A043F7 /* Release */,
			);
			defaultConfigurationIsVisible = 0;
			defaultConfigurationName = Release;
		};
		48260D1C2B95012600A043F7 /* Build configuration list for PBXNativeTarget "MediaLabWeatherAppUITests" */ = {
			isa = XCConfigurationList;
			buildConfigurations = (
				48260D1D2B95012600A043F7 /* Debug */,
				48260D1E2B95012600A043F7 /* Release */,
			);
			defaultConfigurationIsVisible = 0;
			defaultConfigurationName = Release;
		};
/* End XCConfigurationList section */
	};
	rootObject = 48260CE92B95012300A043F7 /* Project object */;
}
